{
  "object": {
    "pins": [
      {
        "package": "Marigold",
        "repositoryURL": "https://github.com/sailthru/sailthru-mobile-ios-sdk",
        "state": {
          "branch": null,
          "revision": "2e71269a5ce5c75009f2002873af5fa31bd10ce4",
          "version": "15.1.0"
        }
      }
    ]
  },
  "version": 1
}
