{
  "object": {
    "pins": [
      {
        "package": "SailthruMobile",
        "repositoryURL": "https://github.com/carnivalmobile/carnival-ios-sdk",
        "state": {
          "branch": null,
          "revision": "042c3bb28ac74105ece09835409b91a67006ddb4",
          "version": "12.2.0"
        }
      }
    ]
  },
  "version": 1
}
