{
  "object": {
    "pins": [
      {
        "package": "SailthruMobile",
        "repositoryURL": "https://github.com/sailthru/sailthru-mobile-ios-sdk",
        "state": {
          "branch": null,
          "revision": "0ff5db01ffadf499d7b717f47353f884de940d3e",
          "version": "14.0.0"
        }
      }
    ]
  },
  "version": 1
}
